
Microsoft Visual Studio Solution File, Format Version 12.00
# Visual Studio Version 16
VisualStudioVersion = 16.0.32413.511
MinimumVisualStudioVersion = 10.0.40219.1
Project("{FAE04EC0-301F-11D3-BF4B-00C04F79EFBC}") = "IOC_Container_StructurMap", "IOC_Container_StructurMap.csproj", "{ADC271AB-CA8A-433F-A535-96F5A8F9A7FA}"
EndProject
Global
	GlobalSection(SolutionConfigurationPlatforms) = preSolution
		Debug|Any CPU = Debug|Any CPU
		Release|Any CPU = Release|Any CPU
	EndGlobalSection
	GlobalSection(ProjectConfigurationPlatforms) = postSolution
		{ADC271AB-CA8A-433F-A535-96F5A8F9A7FA}.Debug|Any CPU.ActiveCfg = Debug|Any CPU
		{ADC271AB-CA8A-433F-A535-96F5A8F9A7FA}.Debug|Any CPU.Build.0 = Debug|Any CPU
		{ADC271AB-CA8A-433F-A535-96F5A8F9A7FA}.Release|Any CPU.ActiveCfg = Release|Any CPU
		{ADC271AB-CA8A-433F-A535-96F5A8F9A7FA}.Release|Any CPU.Build.0 = Release|Any CPU
	EndGlobalSection
	GlobalSection(SolutionProperties) = preSolution
		HideSolutionNode = FALSE
	EndGlobalSection
	GlobalSection(ExtensibilityGlobals) = postSolution
		SolutionGuid = {6898B74C-92BB-4E90-83F4-AABE320202FB}
	EndGlobalSection
EndGlobal
